
Microsoft Visual Studio Solution File, Format Version 12.00
# Visual Studio Version 17
VisualStudioVersion = 17.3.32922.545
MinimumVisualStudioVersion = 10.0.40219.1
Project("{FAE04EC0-301F-11D3-BF4B-00C04F79EFBC}") = "BubbleShortRera", "BubbleShortRera\BubbleShortRera.csproj", "{8492A91D-E989-4C7F-B113-B672903BB737}"
EndProject
Global
	GlobalSection(SolutionConfigurationPlatforms) = preSolution
		Debug|Any CPU = Debug|Any CPU
		Release|Any CPU = Release|Any CPU
	EndGlobalSection
	GlobalSection(ProjectConfigurationPlatforms) = postSolution
		{8492A91D-E989-4C7F-B113-B672903BB737}.Debug|Any CPU.ActiveCfg = Debug|Any CPU
		{8492A91D-E989-4C7F-B113-B672903BB737}.Debug|Any CPU.Build.0 = Debug|Any CPU
		{8492A91D-E989-4C7F-B113-B672903BB737}.Release|Any CPU.ActiveCfg = Release|Any CPU
		{8492A91D-E989-4C7F-B113-B672903BB737}.Release|Any CPU.Build.0 = Release|Any CPU
	EndGlobalSection
	GlobalSection(SolutionProperties) = preSolution
		HideSolutionNode = FALSE
	EndGlobalSection
	GlobalSection(ExtensibilityGlobals) = postSolution
		SolutionGuid = {6A57787E-D342-457E-82DF-1E80313C90A6}
	EndGlobalSection
EndGlobal
